
Microsoft Visual Studio Solution File, Format Version 12.00
# Visual Studio 15
VisualStudioVersion = 15.0.27130.2010
MinimumVisualStudioVersion = 10.0.40219.1
Project("{FAE04EC0-301F-11D3-BF4B-00C04F79EFBC}") = "DurableFunctionVideoProcessor", "DurableFunctionVideoProcessor\DurableFunctionVideoProcessor.csproj", "{5916783E-310B-4D5B-97CB-A20B5A2D07D5}"
EndProject
Global
	GlobalSection(SolutionConfigurationPlatforms) = preSolution
		Debug|Any CPU = Debug|Any CPU
		Release|Any CPU = Release|Any CPU
	EndGlobalSection
	GlobalSection(ProjectConfigurationPlatforms) = postSolution
		{5916783E-310B-4D5B-97CB-A20B5A2D07D5}.Debug|Any CPU.ActiveCfg = Debug|Any CPU
		{5916783E-310B-4D5B-97CB-A20B5A2D07D5}.Debug|Any CPU.Build.0 = Debug|Any CPU
		{5916783E-310B-4D5B-97CB-A20B5A2D07D5}.Release|Any CPU.ActiveCfg = Release|Any CPU
		{5916783E-310B-4D5B-97CB-A20B5A2D07D5}.Release|Any CPU.Build.0 = Release|Any CPU
	EndGlobalSection
	GlobalSection(SolutionProperties) = preSolution
		HideSolutionNode = FALSE
	EndGlobalSection
	GlobalSection(ExtensibilityGlobals) = postSolution
		SolutionGuid = {83217411-2C26-4CB1-BE51-AAAF90192994}
	EndGlobalSection
EndGlobal
